
Microsoft Visual Studio Solution File, Format Version 12.00
# Visual Studio Version 16
VisualStudioVersion = 16.0.31624.102
MinimumVisualStudioVersion = 10.0.40219.1
Project("{FAE04EC0-301F-11D3-BF4B-00C04F79EFBC}") = "Clientes", "Clientes.csproj", "{BB207627-C72C-4641-B0B4-7B4D045B34D8}"
EndProject
Global
	GlobalSection(SolutionConfigurationPlatforms) = preSolution
		Debug|Any CPU = Debug|Any CPU
		Release|Any CPU = Release|Any CPU
	EndGlobalSection
	GlobalSection(ProjectConfigurationPlatforms) = postSolution
		{BB207627-C72C-4641-B0B4-7B4D045B34D8}.Debug|Any CPU.ActiveCfg = Debug|Any CPU
		{BB207627-C72C-4641-B0B4-7B4D045B34D8}.Debug|Any CPU.Build.0 = Debug|Any CPU
		{BB207627-C72C-4641-B0B4-7B4D045B34D8}.Release|Any CPU.ActiveCfg = Release|Any CPU
		{BB207627-C72C-4641-B0B4-7B4D045B34D8}.Release|Any CPU.Build.0 = Release|Any CPU
	EndGlobalSection
	GlobalSection(SolutionProperties) = preSolution
		HideSolutionNode = FALSE
	EndGlobalSection
	GlobalSection(ExtensibilityGlobals) = postSolution
		SolutionGuid = {74A265A6-33FC-477D-A982-2E15387A3FAF}
	EndGlobalSection
EndGlobal
